
Microsoft Visual Studio Solution File, Format Version 12.00
# Visual Studio Version 17
VisualStudioVersion = 17.2.32630.192
MinimumVisualStudioVersion = 10.0.40219.1
Project("{9A19103F-16F7-4668-BE54-9A1E7A4F7556}") = "CRUD.DDD.BackEnd.Net.API", "CRUD.DDD.BackEnd.Net.API\CRUD.DDD.BackEnd.Net.API.csproj", "{4261AC16-2AFA-4AE2-ADBD-EBDDD7D89BC5}"
EndProject
Project("{9A19103F-16F7-4668-BE54-9A1E7A4F7556}") = "CRUD.DDD.BackEnd.Net.Application", "CRUD.DDD.BackEnd.Net.Application\CRUD.DDD.BackEnd.Net.Application.csproj", "{BB189F10-08A9-47CB-8187-2537B9343AF7}"
EndProject
Project("{FAE04EC0-301F-11D3-BF4B-00C04F79EFBC}") = "CRUD.DDD.BackEnd.Net.Domain", "CRUD.DDD.BackEnd.Net.Domain\CRUD.DDD.BackEnd.Net.Domain.csproj", "{F24386CB-EC95-4E41-83D7-8F72EDEDF9FD}"
EndProject
Project("{FAE04EC0-301F-11D3-BF4B-00C04F79EFBC}") = "CRUD.DDD.BackEnd.Net.Infrastructure", "CRUD.DDD.BackEnd.Net.Infrastructure\CRUD.DDD.BackEnd.Net.Infrastructure.csproj", "{BE247DA6-7656-42EC-97B4-46F1F88CC0B1}"
EndProject
Project("{FAE04EC0-301F-11D3-BF4B-00C04F79EFBC}") = "CRUD.DDD.BackEnd.Net.Test", "CRUD.DDD.BackEnd.Net.Test\CRUD.DDD.BackEnd.Net.Test.csproj", "{9E89C1A4-54A0-46E2-B18E-B898079E68F6}"
EndProject
Global
	GlobalSection(SolutionConfigurationPlatforms) = preSolution
		Debug|Any CPU = Debug|Any CPU
		Release|Any CPU = Release|Any CPU
	EndGlobalSection
	GlobalSection(ProjectConfigurationPlatforms) = postSolution
		{4261AC16-2AFA-4AE2-ADBD-EBDDD7D89BC5}.Debug|Any CPU.ActiveCfg = Debug|Any CPU
		{4261AC16-2AFA-4AE2-ADBD-EBDDD7D89BC5}.Debug|Any CPU.Build.0 = Debug|Any CPU
		{4261AC16-2AFA-4AE2-ADBD-EBDDD7D89BC5}.Release|Any CPU.ActiveCfg = Release|Any CPU
		{4261AC16-2AFA-4AE2-ADBD-EBDDD7D89BC5}.Release|Any CPU.Build.0 = Release|Any CPU
		{BB189F10-08A9-47CB-8187-2537B9343AF7}.Debug|Any CPU.ActiveCfg = Debug|Any CPU
		{BB189F10-08A9-47CB-8187-2537B9343AF7}.Debug|Any CPU.Build.0 = Debug|Any CPU
		{BB189F10-08A9-47CB-8187-2537B9343AF7}.Release|Any CPU.ActiveCfg = Release|Any CPU
		{BB189F10-08A9-47CB-8187-2537B9343AF7}.Release|Any CPU.Build.0 = Release|Any CPU
		{F24386CB-EC95-4E41-83D7-8F72EDEDF9FD}.Debug|Any CPU.ActiveCfg = Debug|Any CPU
		{F24386CB-EC95-4E41-83D7-8F72EDEDF9FD}.Debug|Any CPU.Build.0 = Debug|Any CPU
		{F24386CB-EC95-4E41-83D7-8F72EDEDF9FD}.Release|Any CPU.ActiveCfg = Release|Any CPU
		{F24386CB-EC95-4E41-83D7-8F72EDEDF9FD}.Release|Any CPU.Build.0 = Release|Any CPU
		{BE247DA6-7656-42EC-97B4-46F1F88CC0B1}.Debug|Any CPU.ActiveCfg = Debug|Any CPU
		{BE247DA6-7656-42EC-97B4-46F1F88CC0B1}.Debug|Any CPU.Build.0 = Debug|Any CPU
		{BE247DA6-7656-42EC-97B4-46F1F88CC0B1}.Release|Any CPU.ActiveCfg = Release|Any CPU
		{BE247DA6-7656-42EC-97B4-46F1F88CC0B1}.Release|Any CPU.Build.0 = Release|Any CPU
		{9E89C1A4-54A0-46E2-B18E-B898079E68F6}.Debug|Any CPU.ActiveCfg = Debug|Any CPU
		{9E89C1A4-54A0-46E2-B18E-B898079E68F6}.Debug|Any CPU.Build.0 = Debug|Any CPU
		{9E89C1A4-54A0-46E2-B18E-B898079E68F6}.Release|Any CPU.ActiveCfg = Release|Any CPU
		{9E89C1A4-54A0-46E2-B18E-B898079E68F6}.Release|Any CPU.Build.0 = Release|Any CPU
	EndGlobalSection
	GlobalSection(SolutionProperties) = preSolution
		HideSolutionNode = FALSE
	EndGlobalSection
	GlobalSection(ExtensibilityGlobals) = postSolution
		SolutionGuid = {090096B9-F61D-4DF4-B39F-532D28396C06}
	EndGlobalSection
EndGlobal
